
Microsoft Visual Studio Solution File, Format Version 12.00
# Visual Studio Version 17
VisualStudioVersion = 17.5.33530.505
MinimumVisualStudioVersion = 10.0.40219.1
Project("{2150E333-8FDC-42A3-9474-1A3956D46DE8}") = "src", "src", "{3DEF4BC7-71FC-48F5-A4AA-D84CEB1E3583}"
	ProjectSection(SolutionItems) = preProject
		Readme.md = Readme.md
	EndProjectSection
EndProject
Project("{9A19103F-16F7-4668-BE54-9A1E7A4F7556}") = "ProjName.API", "src\main\ProjName.API\ProjName.API.csproj", "{652DA66C-7F3A-4BB0-8C0B-F6420E3DA887}"
EndProject
Project("{9A19103F-16F7-4668-BE54-9A1E7A4F7556}") = "ProjName.Application", "src\main\ProjName.Application\ProjName.Application.csproj", "{F63E9009-E153-45B8-9237-6C65CE6AF231}"
EndProject
Project("{9A19103F-16F7-4668-BE54-9A1E7A4F7556}") = "ProjName.Domain", "src\main\ProjName.Domain\ProjName.Domain.csproj", "{F033BF0E-D123-4B9E-B980-F9D8924E8D90}"
EndProject
Project("{2150E333-8FDC-42A3-9474-1A3956D46DE8}") = "shared", "shared", "{7B31E173-1A90-4C39-BF94-8226ABC72962}"
EndProject
Project("{9A19103F-16F7-4668-BE54-9A1E7A4F7556}") = "ProjName.Infrastructure", "src\main\ProjName.Infrastructure\ProjName.Infrastructure.csproj", "{7FAA55C4-B0F2-4C91-B58B-33D5FFFD76D9}"
EndProject
Project("{9A19103F-16F7-4668-BE54-9A1E7A4F7556}") = "ProjName.Common", "src\shared\ProjName.Common\ProjName.Common.csproj", "{DE5FF05D-2C15-4C19-B219-AA0A543809CC}"
EndProject
Project("{9A19103F-16F7-4668-BE54-9A1E7A4F7556}") = "ProjName.Application.Shared", "src\shared\ProjName.Application.Shared\ProjName.Application.Shared.csproj", "{2F7622F2-3727-4051-946F-D9C0943DE698}"
EndProject
Project("{9A19103F-16F7-4668-BE54-9A1E7A4F7556}") = "ProjName.API.Shared", "src\shared\ProjName.API.Shared\ProjName.API.Shared.csproj", "{AD796594-CE4D-49E4-91F7-5F4BC1AA2A77}"
EndProject
Project("{9A19103F-16F7-4668-BE54-9A1E7A4F7556}") = "ProjName.Infrastructure.Shared", "src\shared\ProjName.Infrastructure.Shared\ProjName.Infrastructure.Shared.csproj", "{4972DF32-1BDF-4E5F-818A-8E68A7F7BDBC}"
EndProject
Project("{9A19103F-16F7-4668-BE54-9A1E7A4F7556}") = "ProjName.DBManager", "db\ProjName.DBManager\ProjName.DBManager.csproj", "{86CD48EA-C6EA-411F-85FD-FAE9881BA4BD}"
EndProject
Project("{2150E333-8FDC-42A3-9474-1A3956D46DE8}") = "db", "db", "{D17B3D90-17B1-4A7D-B978-0565D35C9ED4}"
EndProject
Project("{2150E333-8FDC-42A3-9474-1A3956D46DE8}") = "tests", "tests", "{8491874E-13D3-4071-97B9-558CF7F6B1BA}"
EndProject
Project("{2150E333-8FDC-42A3-9474-1A3956D46DE8}") = "unit-tests", "unit-tests", "{442D3916-9818-4C42-8A5F-6DD0EE4CF750}"
EndProject
Project("{9A19103F-16F7-4668-BE54-9A1E7A4F7556}") = "ProjName.Application.UnitTests", "tests\unit-tests\ProjName.Application.UnitTests\ProjName.Application.UnitTests.csproj", "{9BD5084F-9EA1-4C01-B825-A9D21B5C6E27}"
EndProject
Project("{2150E333-8FDC-42A3-9474-1A3956D46DE8}") = "main", "main", "{5002108C-773F-4C42-9F51-40BD35A8B6E0}"
EndProject
Project("{FAE04EC0-301F-11D3-BF4B-00C04F79EFBC}") = "ProjName.Domain.Shared", "src\shared\ProjName.Domain.Shared\ProjName.Domain.Shared.csproj", "{7B9E39E9-A7F4-4049-B57A-80EC024934C5}"
EndProject
Global
	GlobalSection(SolutionConfigurationPlatforms) = preSolution
		Debug|Any CPU = Debug|Any CPU
		Release|Any CPU = Release|Any CPU
	EndGlobalSection
	GlobalSection(ProjectConfigurationPlatforms) = postSolution
		{652DA66C-7F3A-4BB0-8C0B-F6420E3DA887}.Debug|Any CPU.ActiveCfg = Debug|Any CPU
		{652DA66C-7F3A-4BB0-8C0B-F6420E3DA887}.Debug|Any CPU.Build.0 = Debug|Any CPU
		{652DA66C-7F3A-4BB0-8C0B-F6420E3DA887}.Release|Any CPU.ActiveCfg = Release|Any CPU
		{652DA66C-7F3A-4BB0-8C0B-F6420E3DA887}.Release|Any CPU.Build.0 = Release|Any CPU
		{F63E9009-E153-45B8-9237-6C65CE6AF231}.Debug|Any CPU.ActiveCfg = Debug|Any CPU
		{F63E9009-E153-45B8-9237-6C65CE6AF231}.Debug|Any CPU.Build.0 = Debug|Any CPU
		{F63E9009-E153-45B8-9237-6C65CE6AF231}.Release|Any CPU.ActiveCfg = Release|Any CPU
		{F63E9009-E153-45B8-9237-6C65CE6AF231}.Release|Any CPU.Build.0 = Release|Any CPU
		{F033BF0E-D123-4B9E-B980-F9D8924E8D90}.Debug|Any CPU.ActiveCfg = Debug|Any CPU
		{F033BF0E-D123-4B9E-B980-F9D8924E8D90}.Debug|Any CPU.Build.0 = Debug|Any CPU
		{F033BF0E-D123-4B9E-B980-F9D8924E8D90}.Release|Any CPU.ActiveCfg = Release|Any CPU
		{F033BF0E-D123-4B9E-B980-F9D8924E8D90}.Release|Any CPU.Build.0 = Release|Any CPU
		{7FAA55C4-B0F2-4C91-B58B-33D5FFFD76D9}.Debug|Any CPU.ActiveCfg = Debug|Any CPU
		{7FAA55C4-B0F2-4C91-B58B-33D5FFFD76D9}.Debug|Any CPU.Build.0 = Debug|Any CPU
		{7FAA55C4-B0F2-4C91-B58B-33D5FFFD76D9}.Release|Any CPU.ActiveCfg = Release|Any CPU
		{7FAA55C4-B0F2-4C91-B58B-33D5FFFD76D9}.Release|Any CPU.Build.0 = Release|Any CPU
		{DE5FF05D-2C15-4C19-B219-AA0A543809CC}.Debug|Any CPU.ActiveCfg = Debug|Any CPU
		{DE5FF05D-2C15-4C19-B219-AA0A543809CC}.Debug|Any CPU.Build.0 = Debug|Any CPU
		{DE5FF05D-2C15-4C19-B219-AA0A543809CC}.Release|Any CPU.ActiveCfg = Release|Any CPU
		{DE5FF05D-2C15-4C19-B219-AA0A543809CC}.Release|Any CPU.Build.0 = Release|Any CPU
		{2F7622F2-3727-4051-946F-D9C0943DE698}.Debug|Any CPU.ActiveCfg = Debug|Any CPU
		{2F7622F2-3727-4051-946F-D9C0943DE698}.Debug|Any CPU.Build.0 = Debug|Any CPU
		{2F7622F2-3727-4051-946F-D9C0943DE698}.Release|Any CPU.ActiveCfg = Release|Any CPU
		{2F7622F2-3727-4051-946F-D9C0943DE698}.Release|Any CPU.Build.0 = Release|Any CPU
		{AD796594-CE4D-49E4-91F7-5F4BC1AA2A77}.Debug|Any CPU.ActiveCfg = Debug|Any CPU
		{AD796594-CE4D-49E4-91F7-5F4BC1AA2A77}.Debug|Any CPU.Build.0 = Debug|Any CPU
		{AD796594-CE4D-49E4-91F7-5F4BC1AA2A77}.Release|Any CPU.ActiveCfg = Release|Any CPU
		{AD796594-CE4D-49E4-91F7-5F4BC1AA2A77}.Release|Any CPU.Build.0 = Release|Any CPU
		{4972DF32-1BDF-4E5F-818A-8E68A7F7BDBC}.Debug|Any CPU.ActiveCfg = Debug|Any CPU
		{4972DF32-1BDF-4E5F-818A-8E68A7F7BDBC}.Debug|Any CPU.Build.0 = Debug|Any CPU
		{4972DF32-1BDF-4E5F-818A-8E68A7F7BDBC}.Release|Any CPU.ActiveCfg = Release|Any CPU
		{4972DF32-1BDF-4E5F-818A-8E68A7F7BDBC}.Release|Any CPU.Build.0 = Release|Any CPU
		{86CD48EA-C6EA-411F-85FD-FAE9881BA4BD}.Debug|Any CPU.ActiveCfg = Debug|Any CPU
		{86CD48EA-C6EA-411F-85FD-FAE9881BA4BD}.Debug|Any CPU.Build.0 = Debug|Any CPU
		{86CD48EA-C6EA-411F-85FD-FAE9881BA4BD}.Release|Any CPU.ActiveCfg = Release|Any CPU
		{86CD48EA-C6EA-411F-85FD-FAE9881BA4BD}.Release|Any CPU.Build.0 = Release|Any CPU
		{9BD5084F-9EA1-4C01-B825-A9D21B5C6E27}.Debug|Any CPU.ActiveCfg = Debug|Any CPU
		{9BD5084F-9EA1-4C01-B825-A9D21B5C6E27}.Debug|Any CPU.Build.0 = Debug|Any CPU
		{9BD5084F-9EA1-4C01-B825-A9D21B5C6E27}.Release|Any CPU.ActiveCfg = Release|Any CPU
		{9BD5084F-9EA1-4C01-B825-A9D21B5C6E27}.Release|Any CPU.Build.0 = Release|Any CPU
		{7B9E39E9-A7F4-4049-B57A-80EC024934C5}.Debug|Any CPU.ActiveCfg = Debug|Any CPU
		{7B9E39E9-A7F4-4049-B57A-80EC024934C5}.Debug|Any CPU.Build.0 = Debug|Any CPU
		{7B9E39E9-A7F4-4049-B57A-80EC024934C5}.Release|Any CPU.ActiveCfg = Release|Any CPU
		{7B9E39E9-A7F4-4049-B57A-80EC024934C5}.Release|Any CPU.Build.0 = Release|Any CPU
	EndGlobalSection
	GlobalSection(SolutionProperties) = preSolution
		HideSolutionNode = FALSE
	EndGlobalSection
	GlobalSection(NestedProjects) = preSolution
		{652DA66C-7F3A-4BB0-8C0B-F6420E3DA887} = {5002108C-773F-4C42-9F51-40BD35A8B6E0}
		{F63E9009-E153-45B8-9237-6C65CE6AF231} = {5002108C-773F-4C42-9F51-40BD35A8B6E0}
		{F033BF0E-D123-4B9E-B980-F9D8924E8D90} = {5002108C-773F-4C42-9F51-40BD35A8B6E0}
		{7B31E173-1A90-4C39-BF94-8226ABC72962} = {3DEF4BC7-71FC-48F5-A4AA-D84CEB1E3583}
		{7FAA55C4-B0F2-4C91-B58B-33D5FFFD76D9} = {5002108C-773F-4C42-9F51-40BD35A8B6E0}
		{DE5FF05D-2C15-4C19-B219-AA0A543809CC} = {7B31E173-1A90-4C39-BF94-8226ABC72962}
		{2F7622F2-3727-4051-946F-D9C0943DE698} = {7B31E173-1A90-4C39-BF94-8226ABC72962}
		{AD796594-CE4D-49E4-91F7-5F4BC1AA2A77} = {7B31E173-1A90-4C39-BF94-8226ABC72962}
		{4972DF32-1BDF-4E5F-818A-8E68A7F7BDBC} = {7B31E173-1A90-4C39-BF94-8226ABC72962}
		{86CD48EA-C6EA-411F-85FD-FAE9881BA4BD} = {D17B3D90-17B1-4A7D-B978-0565D35C9ED4}
		{442D3916-9818-4C42-8A5F-6DD0EE4CF750} = {8491874E-13D3-4071-97B9-558CF7F6B1BA}
		{9BD5084F-9EA1-4C01-B825-A9D21B5C6E27} = {442D3916-9818-4C42-8A5F-6DD0EE4CF750}
		{5002108C-773F-4C42-9F51-40BD35A8B6E0} = {3DEF4BC7-71FC-48F5-A4AA-D84CEB1E3583}
		{7B9E39E9-A7F4-4049-B57A-80EC024934C5} = {7B31E173-1A90-4C39-BF94-8226ABC72962}
	EndGlobalSection
	GlobalSection(ExtensibilityGlobals) = postSolution
		SolutionGuid = {6B07EAF0-9ADE-4E07-B265-3D8479CCD492}
	EndGlobalSection
EndGlobal
